
Microsoft Visual Studio Solution File, Format Version 12.00
# Visual Studio Version 17
VisualStudioVersion = 17.13.35825.156 d17.13
MinimumVisualStudioVersion = 10.0.40219.1
Project("{FAE04EC0-301F-11D3-BF4B-00C04F79EFBC}") = "multiplicationTable", "multiplicationTable\multiplicationTable.csproj", "{3E2A180A-DE86-4459-A9FB-B2E8B82B69F4}"
EndProject
Global
	GlobalSection(SolutionConfigurationPlatforms) = preSolution
		Debug|Any CPU = Debug|Any CPU
		Release|Any CPU = Release|Any CPU
	EndGlobalSection
	GlobalSection(ProjectConfigurationPlatforms) = postSolution
		{3E2A180A-DE86-4459-A9FB-B2E8B82B69F4}.Debug|Any CPU.ActiveCfg = Debug|Any CPU
		{3E2A180A-DE86-4459-A9FB-B2E8B82B69F4}.Debug|Any CPU.Build.0 = Debug|Any CPU
		{3E2A180A-DE86-4459-A9FB-B2E8B82B69F4}.Release|Any CPU.ActiveCfg = Release|Any CPU
		{3E2A180A-DE86-4459-A9FB-B2E8B82B69F4}.Release|Any CPU.Build.0 = Release|Any CPU
	EndGlobalSection
	GlobalSection(SolutionProperties) = preSolution
		HideSolutionNode = FALSE
	EndGlobalSection
	GlobalSection(ExtensibilityGlobals) = postSolution
		SolutionGuid = {795BC99B-91BF-4978-8530-F3E7553EE917}
	EndGlobalSection
EndGlobal
