
Microsoft Visual Studio Solution File, Format Version 12.00
# Visual Studio Version 17
VisualStudioVersion = 17.13.35825.156 d17.13
MinimumVisualStudioVersion = 10.0.40219.1
Project("{FAE04EC0-301F-11D3-BF4B-00C04F79EFBC}") = "example2", "example2\example2.csproj", "{D5E8E2FA-5FDE-4889-9D6C-DD97B2B46926}"
EndProject
Global
	GlobalSection(SolutionConfigurationPlatforms) = preSolution
		Debug|Any CPU = Debug|Any CPU
		Release|Any CPU = Release|Any CPU
	EndGlobalSection
	GlobalSection(ProjectConfigurationPlatforms) = postSolution
		{D5E8E2FA-5FDE-4889-9D6C-DD97B2B46926}.Debug|Any CPU.ActiveCfg = Debug|Any CPU
		{D5E8E2FA-5FDE-4889-9D6C-DD97B2B46926}.Debug|Any CPU.Build.0 = Debug|Any CPU
		{D5E8E2FA-5FDE-4889-9D6C-DD97B2B46926}.Release|Any CPU.ActiveCfg = Release|Any CPU
		{D5E8E2FA-5FDE-4889-9D6C-DD97B2B46926}.Release|Any CPU.Build.0 = Release|Any CPU
	EndGlobalSection
	GlobalSection(SolutionProperties) = preSolution
		HideSolutionNode = FALSE
	EndGlobalSection
	GlobalSection(ExtensibilityGlobals) = postSolution
		SolutionGuid = {F8B27543-8E78-4655-AEED-75992E6E017C}
	EndGlobalSection
EndGlobal
