
Microsoft Visual Studio Solution File, Format Version 12.00
# Visual Studio Version 17
VisualStudioVersion = 17.13.35825.156 d17.13
MinimumVisualStudioVersion = 10.0.40219.1
Project("{FAE04EC0-301F-11D3-BF4B-00C04F79EFBC}") = "WinFormsApp1", "WinFormsApp1\WinFormsApp1.csproj", "{CBA70112-157E-44E7-806F-B619391331CE}"
EndProject
Global
	GlobalSection(SolutionConfigurationPlatforms) = preSolution
		Debug|Any CPU = Debug|Any CPU
		Release|Any CPU = Release|Any CPU
	EndGlobalSection
	GlobalSection(ProjectConfigurationPlatforms) = postSolution
		{CBA70112-157E-44E7-806F-B619391331CE}.Debug|Any CPU.ActiveCfg = Debug|Any CPU
		{CBA70112-157E-44E7-806F-B619391331CE}.Debug|Any CPU.Build.0 = Debug|Any CPU
		{CBA70112-157E-44E7-806F-B619391331CE}.Release|Any CPU.ActiveCfg = Release|Any CPU
		{CBA70112-157E-44E7-806F-B619391331CE}.Release|Any CPU.Build.0 = Release|Any CPU
	EndGlobalSection
	GlobalSection(SolutionProperties) = preSolution
		HideSolutionNode = FALSE
	EndGlobalSection
	GlobalSection(ExtensibilityGlobals) = postSolution
		SolutionGuid = {AB74A4A8-01FB-4447-B35D-A513414701A0}
	EndGlobalSection
EndGlobal
