
Microsoft Visual Studio Solution File, Format Version 12.00
# Visual Studio Version 17
VisualStudioVersion = 17.13.35825.156 d17.13
MinimumVisualStudioVersion = 10.0.40219.1
Project("{FAE04EC0-301F-11D3-BF4B-00C04F79EFBC}") = "for1", "for1\for1.csproj", "{48EA4F21-893B-471A-8B5A-099452D1C991}"
EndProject
Global
	GlobalSection(SolutionConfigurationPlatforms) = preSolution
		Debug|Any CPU = Debug|Any CPU
		Release|Any CPU = Release|Any CPU
	EndGlobalSection
	GlobalSection(ProjectConfigurationPlatforms) = postSolution
		{48EA4F21-893B-471A-8B5A-099452D1C991}.Debug|Any CPU.ActiveCfg = Debug|Any CPU
		{48EA4F21-893B-471A-8B5A-099452D1C991}.Debug|Any CPU.Build.0 = Debug|Any CPU
		{48EA4F21-893B-471A-8B5A-099452D1C991}.Release|Any CPU.ActiveCfg = Release|Any CPU
		{48EA4F21-893B-471A-8B5A-099452D1C991}.Release|Any CPU.Build.0 = Release|Any CPU
	EndGlobalSection
	GlobalSection(SolutionProperties) = preSolution
		HideSolutionNode = FALSE
	EndGlobalSection
	GlobalSection(ExtensibilityGlobals) = postSolution
		SolutionGuid = {1A03C429-CAA8-414D-B289-596C1FC397AA}
	EndGlobalSection
EndGlobal
